# THIS IS AN AUTOGENERATED FILE. DO NOT EDIT THIS FILE DIRECTLY.
# yarn lockfile v1


amdefine@>=0.0.4:
  version "1.0.1"
  resolved "https://registry.yarnpkg.com/amdefine/-/amdefine-1.0.1.tgz#4a5282ac164729e93619bcfd3ad151f817ce91f5"
  integrity sha1-SlKCrBZHKek2Gbz9OtFR+BfOkfU=

source-list-map@~0.1.7:
  version "0.1.8"
  resolved "https://registry.yarnpkg.com/source-list-map/-/source-list-map-0.1.8.tgz#c550b2ab5427f6b3f21f5afead88c4f5587b2106"
  integrity sha1-xVCyq1Qn9rPyH1r+rYjE9Vh7IQY=

source-map@~0.4.1:
  version "0.4.4"
  resolved "https://registry.yarnpkg.com/source-map/-/source-map-0.4.4.tgz#eba4f5da9c0dc999de68032d8b4f76173652036b"
  integrity sha1-66T12pwNyZneaAMti092FzZSA2s=
  dependencies:
    amdefine ">=0.0.4"

webpack-core@^0.6.8:
  version "0.6.9"
  resolved "https://registry.yarnpkg.com/webpack-core/-/webpack-core-0.6.9.tgz#fc571588c8558da77be9efb6debdc5a3b172bdc2"
  integrity sha1-/FcViMhVjad76e+23r3Fo7FyvcI=
  dependencies:
    source-list-map "~0.1.7"
    source-map "~0.4.1"

webpack-subresource-integrity@^1.1.0-rc.6:
  version "1.1.0-rc.6"
  resolved "https://registry.yarnpkg.com/webpack-subresource-integrity/-/webpack-subresource-integrity-1.1.0-rc.6.tgz#37f6f1264e1eb378e41465a98da80fad76ab8886"
  integrity sha512-Az7y8xTniNhaA0620AV1KPwWOqawurVVDzQSpPAeR5RwNbL91GoBSJAAo9cfd+GiFHwsS5bbHepBw1e6Hzxy4w==
  dependencies:
    webpack-core "^0.6.8"
